{
  "name": "experiments",
  "lockfileVersion": 3,
  "requires": true,
  "packages": {
    "": {
      "dependencies": {
        "client-zip": "^2.5.1"
      }
    },
    "node_modules/client-zip": {
      "version": "2.5.1",
      "resolved": "https://registry.npmjs.org/client-zip/-/client-zip-2.5.1.tgz",
      "integrity": "sha512-yOvNSBsQX1B7wtdvIVXJEIIShrlPiX+adhli7sWvQhsx3nX1DjvpSt+AwOxaX+3DCsT/Yx0nRy5hIjRLIYfebw==",
      "license": "MIT"
    }
  }
}
